// !$*UTF8*$!
{
	archiveVersion = 1;
	classes = {
	};
	objectVersion = 77;
	objects = {

/* Begin PBXBuildFile section */
		7EEF8D8A2EC32E7E00A3ECA9 /* Kingfisher in Frameworks */ = {isa = PBXBuildFile; productRef = 7EEF8D892EC32E7E00A3ECA9 /* Kingfisher */; };
/* End PBXBuildFile section */

/* Begin PBXContainerItemProxy section */
		7E7D44852EB13B1E0034B096 /* PBXContainerItemProxy */ = {
			isa = PBXContainerItemProxy;
			containerPortal = 7E7D446F2EB13B1A0034B096 /* Project object */;
			proxyType = 1;
			remoteGlobalIDString = 7E7D44762EB13B1A0034B096;
			remoteInfo = InventorySystem;
		};
		7E7D448F2EB13B1E0034B096 /* PBXContainerItemProxy */ = {
			isa = PBXContainerItemProxy;
			containerPortal = 7E7D446F2EB13B1A0034B096 /* Project object */;
			proxyType = 1;
			remoteGlobalIDString = 7E7D44762EB13B1A0034B096;
			remoteInfo = InventorySystem;
		};
/* End PBXContainerItemProxy section */

/* Begin PBXFileReference section */
		7E7D44772EB13B1A0034B096 /* InventorySystem.app */ = {isa = PBXFileReference; explicitFileType = wrapper.application; includeInIndex = 0; path = InventorySystem.app; sourceTree = BUILT_PRODUCTS_DIR; };
		7E7D44842EB13B1E0034B096 /* InventorySystemTests.xctest */ = {isa = PBXFileReference; explicitFileType = wrapper.cfbundle; includeInIndex = 0; path = InventorySystemTests.xctest; sourceTree = BUILT_PRODUCTS_DIR; };
		7E7D448E2EB13B1E0034B096 /* InventorySystemUITests.xctest */ = {isa = PBXFileReference; explicitFileType = wrapper.cfbundle; includeInIndex = 0; path = InventorySystemUITests.xctest; sourceTree = BUILT_PRODUCTS_DIR; };
/* End PBXFileReference section */

/* Begin PBXFileSystemSynchronizedBuildFileExceptionSet section */
		7EEF8D9E2EC3529300A3ECA9 /* Exceptions for "InventorySystem" folder in "InventorySystem" target */ = {
			isa = PBXFileSystemSynchronizedBuildFileExceptionSet;
			membershipExceptions = (
				Info.plist,
			);
			target = 7E7D44762EB13B1A0034B096 /* InventorySystem */;
		};
/* End PBXFileSystemSynchronizedBuildFileExceptionSet section */

/* Begin PBXFileSystemSynchronizedRootGroup section */
		7E7D44792EB13B1A0034B096 /* InventorySystem */ = {
			isa = PBXFileSystemSynchronizedRootGroup;
			exceptions = (
				7EEF8D9E2EC3529300A3ECA9 /* Exceptions for "InventorySystem" folder in "InventorySystem" target */,
			);
			path = InventorySystem;
			sourceTree = "<group>";
		};
/* End PBXFileSystemSynchronizedRootGroup section */

/* Begin PBXFrameworksBuildPhase section */
		7E7D44742EB13B1A0034B096 /* Frameworks */ = {
			isa = PBXFrameworksBuildPhase;
			buildActionMask = 2147483647;
			files = (
				7EEF8D8A2EC32E7E00A3ECA9 /* Kingfisher in Frameworks */,
			);
			runOnlyForDeploymentPostprocessing = 0;
		};
		7E7D44812EB13B1E0034B096 /* Frameworks */ = {
			isa = PBXFrameworksBuildPhase;
			buildActionMask = 2147483647;
			files = (
			);
			runOnlyForDeploymentPostprocessing = 0;
		};
		7E7D448B2EB13B1E0034B096 /* Frameworks */ = {
			isa = PBXFrameworksBuildPhase;
			buildActionMask = 2147483647;
			files = (
			);
			runOnlyForDeploymentPostprocessing = 0;
		};
/* End PBXFrameworksBuildPhase section */

/* Begin PBXGroup section */
		7E7D446E2EB13B1A0034B096 = {
			isa = PBXGroup;
			children = (
				7E7D44792EB13B1A0034B096 /* InventorySystem */,
				7EEF8D882EC32E7E00A3ECA9 /* Frameworks */,
				7E7D44782EB13B1A0034B096 /* Products */,
			);
			sourceTree = "<group>";
		};
		7E7D44782EB13B1A0034B096 /* Products */ = {
			isa = PBXGroup;
			children = (
				7E7D44772EB13B1A0034B096 /* InventorySystem.app */,
				7E7D44842EB13B1E0034B096 /* InventorySystemTests.xctest */,
				7E7D448E2EB13B1E0034B096 /* InventorySystemUITests.xctest */,
			);
			name = Products;
			sourceTree = "<group>";
		};
		7EEF8D882EC32E7E00A3ECA9 /* Frameworks */ = {
			isa = PBXGroup;
			children = (
			);
			name = Frameworks;
			sourceTree = "<group>";
		};
/* End PBXGroup section */

/* Begin PBXNativeTarget section */
		7E7D44762EB13B1A0034B096 /* InventorySystem */ = {
			isa = PBXNativeTarget;
			buildConfigurationList = 7E7D44982EB13B1E0034B096 /* Build configuration list for PBXNativeTarget "InventorySystem" */;
			buildPhases = (
				7E7D44732EB13B1A0034B096 /* Sources */,
				7E7D44742EB13B1A0034B096 /* Frameworks */,
				7E7D44752EB13B1A0034B096 /* Resources */,
			);
			buildRules = (
			);
			dependencies = (
			);
			fileSystemSynchronizedGroups = (
				7E7D44792EB13B1A0034B096 /* InventorySystem */,
			);
			name = InventorySystem;
			packageProductDependencies = (
				7EEF8D892EC32E7E00A3ECA9 /* Kingfisher */,
			);
			productName = InventorySystem;
			productReference = 7E7D44772EB13B1A0034B096 /* InventorySystem.app */;
			productType = "com.apple.product-type.application";
		};
		7E7D44832EB13B1E0034B096 /* InventorySystemTests */ = {
			isa = PBXNativeTarget;
			buildConfigurationList = 7E7D449B2EB13B1E0034B096 /* Build configuration list for PBXNativeTarget "InventorySystemTests" */;
			buildPhases = (
				7E7D44802EB13B1E0034B096 /* Sources */,
				7E7D44812EB13B1E0034B096 /* Frameworks */,
				7E7D44822EB13B1E0034B096 /* Resources */,
			);
			buildRules = (
			);
			dependencies = (
				7E7D44862EB13B1E0034B096 /* PBXTargetDependency */,
			);
			name = InventorySystemTests;
			packageProductDependencies = (
			);
			productName = InventorySystemTests;
			productReference = 7E7D44842EB13B1E0034B096 /* InventorySystemTests.xctest */;
			productType = "com.apple.product-type.bundle.unit-test";
		};
		7E7D448D2EB13B1E0034B096 /* InventorySystemUITests */ = {
			isa = PBXNativeTarget;
			buildConfigurationList = 7E7D449E2EB13B1E0034B096 /* Build configuration list for PBXNativeTarget "InventorySystemUITests" */;
			buildPhases = (
				7E7D448A2EB13B1E0034B096 /* Sources */,
				7E7D448B2EB13B1E0034B096 /* Frameworks */,
				7E7D448C2EB13B1E0034B096 /* Resources */,
			);
			buildRules = (
			);
			dependencies = (
				7E7D44902EB13B1E0034B096 /* PBXTargetDependency */,
			);
			name = InventorySystemUITests;
			packageProductDependencies = (
			);
			productName = InventorySystemUITests;
			productReference = 7E7D448E2EB13B1E0034B096 /* InventorySystemUITests.xctest */;
			productType = "com.apple.product-type.bundle.ui-testing";
		};
/* End PBXNativeTarget section */

/* Begin PBXProject section */
		7E7D446F2EB13B1A0034B096 /* Project object */ = {
			isa = PBXProject;
			attributes = {
				BuildIndependentTargetsInParallel = 1;
				LastSwiftUpdateCheck = 1640;
				LastUpgradeCheck = 1640;
				TargetAttributes = {
					7E7D44762EB13B1A0034B096 = {
						CreatedOnToolsVersion = 16.4;
					};
					7E7D44832EB13B1E0034B096 = {
						CreatedOnToolsVersion = 16.4;
						TestTargetID = 7E7D44762EB13B1A0034B096;
					};
					7E7D448D2EB13B1E0034B096 = {
						CreatedOnToolsVersion = 16.4;
						TestTargetID = 7E7D44762EB13B1A0034B096;
					};
				};
			};
			buildConfigurationList = 7E7D44722EB13B1A0034B096 /* Build configuration list for PBXProject "InventorySystem" */;
			developmentRegion = en;
			hasScannedForEncodings = 0;
			knownRegions = (
				en,
				Base,
			);
			mainGroup = 7E7D446E2EB13B1A0034B096;
			minimizedProjectReferenceProxies = 1;
			packageReferences = (
				7EEF8D872EC32E6500A3ECA9 /* XCRemoteSwiftPackageReference "Kingfisher" */,
			);
			preferredProjectObjectVersion = 77;
			productRefGroup = 7E7D44782EB13B1A0034B096 /* Products */;
			projectDirPath = "";
			projectRoot = "";
			targets = (
				7E7D44762EB13B1A0034B096 /* InventorySystem */,
				7E7D44832EB13B1E0034B096 /* InventorySystemTests */,
				7E7D448D2EB13B1E0034B096 /* InventorySystemUITests */,
			);
		};
/* End PBXProject section */

/* Begin PBXResourcesBuildPhase section */
		7E7D44752EB13B1A0034B096 /* Resources */ = {
			isa = PBXResourcesBuildPhase;
			buildActionMask = 2147483647;
			files = (
			);
			runOnlyForDeploymentPostprocessing = 0;
		};
		7E7D44822EB13B1E0034B096 /* Resources */ = {
			isa = PBXResourcesBuildPhase;
			buildActionMask = 2147483647;
			files = (
			);
			runOnlyForDeploymentPostprocessing = 0;
		};
		7E7D448C2EB13B1E0034B096 /* Resources */ = {
			isa = PBXResourcesBuildPhase;
			buildActionMask = 2147483647;
			files = (
			);
			runOnlyForDeploymentPostprocessing = 0;
		};
/* End PBXResourcesBuildPhase section */

/* Begin PBXSourcesBuildPhase section */
		7E7D44732EB13B1A0034B096 /* Sources */ = {
			isa = PBXSourcesBuildPhase;
			buildActionMask = 2147483647;
			files = (
			);
			runOnlyForDeploymentPostprocessing = 0;
		};
		7E7D44802EB13B1E0034B096 /* Sources */ = {
			isa = PBXSourcesBuildPhase;
			buildActionMask = 2147483647;
			files = (
			);
			runOnlyForDeploymentPostprocessing = 0;
		};
		7E7D448A2EB13B1E0034B096 /* Sources */ = {
			isa = PBXSourcesBuildPhase;
			buildActionMask = 2147483647;
			files = (
			);
			runOnlyForDeploymentPostprocessing = 0;
		};
/* End PBXSourcesBuildPhase section */

/* Begin PBXTargetDependency section */
		7E7D44862EB13B1E0034B096 /* PBXTargetDependency */ = {
			isa = PBXTargetDependency;
			target = 7E7D44762EB13B1A0034B096 /* InventorySystem */;
			targetProxy = 7E7D44852EB13B1E0034B096 /* PBXContainerItemProxy */;
		};
		7E7D44902EB13B1E0034B096 /* PBXTargetDependency */ = {
			isa = PBXTargetDependency;
			target = 7E7D44762EB13B1A0034B096 /* InventorySystem */;
			targetProxy = 7E7D448F2EB13B1E0034B096 /* PBXContainerItemProxy */;
		};
/* End PBXTargetDependency section */

/* Begin XCBuildConfiguration section */
		7E7D44962EB13B1E0034B096 /* Debug */ = {
			isa = XCBuildConfiguration;
			buildSettings = {
				ALWAYS_SEARCH_USER_PATHS = NO;
				ASSETCATALOG_COMPILER_GENERATE_SWIFT_ASSET_SYMBOL_EXTENSIONS = YES;
				CLANG_ANALYZER_NONNULL = YES;
				CLANG_ANALYZER_NUMBER_OBJECT_CONVERSION = YES_AGGRESSIVE;
				CLANG_CXX_LANGUAGE_STANDARD = "gnu++20";
				CLANG_ENABLE_MODULES = YES;
				CLANG_ENABLE_OBJC_ARC = YES;
				CLANG_ENABLE_OBJC_WEAK = YES;
				CLANG_WARN_BLOCK_CAPTURE_AUTORELEASING = YES;
				CLANG_WARN_BOOL_CONVERSION = YES;
				CLANG_WARN_COMMA = YES;
				CLANG_WARN_CONSTANT_CONVERSION = YES;
				CLANG_WARN_DEPRECATED_OBJC_IMPLEMENTATIONS = YES;
				CLANG_WARN_DIRECT_OBJC_ISA_USAGE = YES_ERROR;
				CLANG_WARN_DOCUMENTATION_COMMENTS = YES;
				CLANG_WARN_EMPTY_BODY = YES;
				CLANG_WARN_ENUM_CONVERSION = YES;
				CLANG_WARN_INFINITE_RECURSION = YES;
				CLANG_WARN_INT_CONVERSION = YES;
				CLANG_WARN_NON_LITERAL_NULL_CONVERSION = YES;
				CLANG_WARN_OBJC_IMPLICIT_RETAIN_SELF = YES;
				CLANG_WARN_OBJC_LITERAL_CONVERSION = YES;
				CLANG_WARN_OBJC_ROOT_CLASS = YES_ERROR;
				CLANG_WARN_QUOTED_INCLUDE_IN_FRAMEWORK_HEADER = YES;
				CLANG_WARN_RANGE_LOOP_ANALYSIS = YES;
				CLANG_WARN_STRICT_PROTOTYPES = YES;
				CLANG_WARN_SUSPICIOUS_MOVE = YES;
				CLANG_WARN_UNGUARDED_AVAILABILITY = YES_AGGRESSIVE;
				CLANG_WARN_UNREACHABLE_CODE = YES;
				CLANG_WARN__DUPLICATE_METHOD_MATCH = YES;
				COPY_PHASE_STRIP = NO;
				DEBUG_INFORMATION_FORMAT = dwarf;
				DEVELOPMENT_TEAM = 7GNKAKRCK3;
				ENABLE_STRICT_OBJC_MSGSEND = YES;
				ENABLE_TESTABILITY = YES;
				ENABLE_USER_SCRIPT_SANDBOXING = YES;
				GCC_C_LANGUAGE_STANDARD = gnu17;
				GCC_DYNAMIC_NO_PIC = NO;
				GCC_NO_COMMON_BLOCKS = YES;
				GCC_OPTIMIZATION_LEVEL = 0;
				GCC_PREPROCESSOR_DEFINITIONS = (
					"DEBUG=1",
					"$(inherited)",
				);
				GCC_WARN_64_TO_32_BIT_CONVERSION = YES;
				GCC_WARN_ABOUT_RETURN_TYPE = YES_ERROR;
				GCC_WARN_UNDECLARED_SELECTOR = YES;
				GCC_WARN_UNINITIALIZED_AUTOS = YES_AGGRESSIVE;
				GCC_WARN_UNUSED_FUNCTION = YES;
				GCC_WARN_UNUSED_VARIABLE = YES;
				IPHONEOS_DEPLOYMENT_TARGET = 18.5;
				LOCALIZATION_PREFERS_STRING_CATALOGS = YES;
				MTL_ENABLE_DEBUG_INFO = INCLUDE_SOURCE;
				MTL_FAST_MATH = YES;
				ONLY_ACTIVE_ARCH = YES;
				SDKROOT = iphoneos;
				SWIFT_ACTIVE_COMPILATION_CONDITIONS = "DEBUG $(inherited)";
				SWIFT_OPTIMIZATION_LEVEL = "-Onone";
			};
			name = Debug;
		};
		7E7D44972EB13B1E0034B096 /* Release */ = {
			isa = XCBuildConfiguration;
			buildSettings = {
				ALWAYS_SEARCH_USER_PATHS = NO;
				ASSETCATALOG_COMPILER_GENERATE_SWIFT_ASSET_SYMBOL_EXTENSIONS = YES;
				CLANG_ANALYZER_NONNULL = YES;
				CLANG_ANALYZER_NUMBER_OBJECT_CONVERSION = YES_AGGRESSIVE;
				CLANG_CXX_LANGUAGE_STANDARD = "gnu++20";
				CLANG_ENABLE_MODULES = YES;
				CLANG_ENABLE_OBJC_ARC = YES;
				CLANG_ENABLE_OBJC_WEAK = YES;
				CLANG_WARN_BLOCK_CAPTURE_AUTORELEASING = YES;
				CLANG_WARN_BOOL_CONVERSION = YES;
				CLANG_WARN_COMMA = YES;
				CLANG_WARN_CONSTANT_CONVERSION = YES;
				CLANG_WARN_DEPRECATED_OBJC_IMPLEMENTATIONS = YES;
				CLANG_WARN_DIRECT_OBJC_ISA_USAGE = YES_ERROR;
				CLANG_WARN_DOCUMENTATION_COMMENTS = YES;
				CLANG_WARN_EMPTY_BODY = YES;
				CLANG_WARN_ENUM_CONVERSION = YES;
				CLANG_WARN_INFINITE_RECURSION = YES;
				CLANG_WARN_INT_CONVERSION = YES;
				CLANG_WARN_NON_LITERAL_NULL_CONVERSION = YES;
				CLANG_WARN_OBJC_IMPLICIT_RETAIN_SELF = YES;
				CLANG_WARN_OBJC_LITERAL_CONVERSION = YES;
				CLANG_WARN_OBJC_ROOT_CLASS = YES_ERROR;
				CLANG_WARN_QUOTED_INCLUDE_IN_FRAMEWORK_HEADER = YES;
				CLANG_WARN_RANGE_LOOP_ANALYSIS = YES;
				CLANG_WARN_STRICT_PROTOTYPES = YES;
				CLANG_WARN_SUSPICIOUS_MOVE = YES;
				CLANG_WARN_UNGUARDED_AVAILABILITY = YES_AGGRESSIVE;
				CLANG_WARN_UNREACHABLE_CODE = YES;
				CLANG_WARN__DUPLICATE_METHOD_MATCH = YES;
				COPY_PHASE_STRIP = NO;
				DEBUG_INFORMATION_FORMAT = "dwarf-with-dsym";
				DEVELOPMENT_TEAM = 7GNKAKRCK3;
				ENABLE_NS_ASSERTIONS = NO;
				ENABLE_STRICT_OBJC_MSGSEND = YES;
				ENABLE_USER_SCRIPT_SANDBOXING = YES;
				GCC_C_LANGUAGE_STANDARD = gnu17;
				GCC_NO_COMMON_BLOCKS = YES;
				GCC_WARN_64_TO_32_BIT_CONVERSION = YES;
				GCC_WARN_ABOUT_RETURN_TYPE = YES_ERROR;
				GCC_WARN_UNDECLARED_SELECTOR = YES;
				GCC_WARN_UNINITIALIZED_AUTOS = YES_AGGRESSIVE;
				GCC_WARN_UNUSED_FUNCTION = YES;
				GCC_WARN_UNUSED_VARIABLE = YES;
				IPHONEOS_DEPLOYMENT_TARGET = 18.5;
				LOCALIZATION_PREFERS_STRING_CATALOGS = YES;
				MTL_ENABLE_DEBUG_INFO = NO;
				MTL_FAST_MATH = YES;
				SDKROOT = iphoneos;
				SWIFT_COMPILATION_MODE = wholemodule;
				VALIDATE_PRODUCT = YES;
			};
			name = Release;
		};
		7E7D44992EB13B1E0034B096 /* Debug */ = {
			isa = XCBuildConfiguration;
			buildSettings = {
				ASSETCATALOG_COMPILER_APPICON_NAME = AppIcon;
				ASSETCATALOG_COMPILER_GLOBAL_ACCENT_COLOR_NAME = AccentColor;
				CODE_SIGN_STYLE = Automatic;
				CURRENT_PROJECT_VERSION = 1;
				DEVELOPMENT_TEAM = 7GNKAKRCK3;
				ENABLE_PREVIEWS = YES;
				GENERATE_INFOPLIST_FILE = YES;
				INFOPLIST_FILE = InventorySystem/Info.plist;
				INFOPLIST_KEY_NSPhotoLibraryUsageDescription = "Allow App to use Photo library";
				INFOPLIST_KEY_UIApplicationSceneManifest_Generation = YES;
				INFOPLIST_KEY_UIApplicationSupportsIndirectInputEvents = YES;
				INFOPLIST_KEY_UILaunchScreen_Generation = YES;
				INFOPLIST_KEY_UISupportedInterfaceOrientations_iPad = "UIInterfaceOrientationPortrait UIInterfaceOrientationPortraitUpsideDown UIInterfaceOrientationLandscapeLeft UIInterfaceOrientationLandscapeRight";
				INFOPLIST_KEY_UISupportedInterfaceOrientations_iPhone = "UIInterfaceOrientationPortrait UIInterfaceOrientationLandscapeLeft UIInterfaceOrientationLandscapeRight";
				LD_RUNPATH_SEARCH_PATHS = (
					"$(inherited)",
					"@executable_path/Frameworks",
				);
				MARKETING_VERSION = 1.0;
				PRODUCT_BUNDLE_IDENTIFIER = coditas.com.InventorySystem;
				PRODUCT_NAME = "$(TARGET_NAME)";
				SWIFT_EMIT_LOC_STRINGS = YES;
				SWIFT_VERSION = 5.0;
				TARGETED_DEVICE_FAMILY = "1,2";
			};
			name = Debug;
		};
		7E7D449A2EB13B1E0034B096 /* Release */ = {
			isa = XCBuildConfiguration;
			buildSettings = {
				ASSETCATALOG_COMPILER_APPICON_NAME = AppIcon;
				ASSETCATALOG_COMPILER_GLOBAL_ACCENT_COLOR_NAME = AccentColor;
				CODE_SIGN_STYLE = Automatic;
				CURRENT_PROJECT_VERSION = 1;
				DEVELOPMENT_TEAM = 7GNKAKRCK3;
				ENABLE_PREVIEWS = YES;
				GENERATE_INFOPLIST_FILE = YES;
				INFOPLIST_FILE = InventorySystem/Info.plist;
				INFOPLIST_KEY_NSPhotoLibraryUsageDescription = "Allow App to use Photo library";
				INFOPLIST_KEY_UIApplicationSceneManifest_Generation = YES;
				INFOPLIST_KEY_UIApplicationSupportsIndirectInputEvents = YES;
				INFOPLIST_KEY_UILaunchScreen_Generation = YES;
				INFOPLIST_KEY_UISupportedInterfaceOrientations_iPad = "UIInterfaceOrientationPortrait UIInterfaceOrientationPortraitUpsideDown UIInterfaceOrientationLandscapeLeft UIInterfaceOrientationLandscapeRight";
				INFOPLIST_KEY_UISupportedInterfaceOrientations_iPhone = "UIInterfaceOrientationPortrait UIInterfaceOrientationLandscapeLeft UIInterfaceOrientationLandscapeRight";
				LD_RUNPATH_SEARCH_PATHS = (
					"$(inherited)",
					"@executable_path/Frameworks",
				);
				MARKETING_VERSION = 1.0;
				PRODUCT_BUNDLE_IDENTIFIER = coditas.com.InventorySystem;
				PRODUCT_NAME = "$(TARGET_NAME)";
				SWIFT_EMIT_LOC_STRINGS = YES;
				SWIFT_VERSION = 5.0;
				TARGETED_DEVICE_FAMILY = "1,2";
			};
			name = Release;
		};
		7E7D449C2EB13B1E0034B096 /* Debug */ = {
			isa = XCBuildConfiguration;
			buildSettings = {
				BUNDLE_LOADER = "$(TEST_HOST)";
				CODE_SIGN_STYLE = Automatic;
				CURRENT_PROJECT_VERSION = 1;
				DEVELOPMENT_TEAM = 7GNKAKRCK3;
				GENERATE_INFOPLIST_FILE = YES;
				IPHONEOS_DEPLOYMENT_TARGET = 18.5;
				MARKETING_VERSION = 1.0;
				PRODUCT_BUNDLE_IDENTIFIER = coditas.com.InventorySystemTests;
				PRODUCT_NAME = "$(TARGET_NAME)";
				SWIFT_EMIT_LOC_STRINGS = NO;
				SWIFT_VERSION = 5.0;
				TARGETED_DEVICE_FAMILY = "1,2";
				TEST_HOST = "$(BUILT_PRODUCTS_DIR)/InventorySystem.app/$(BUNDLE_EXECUTABLE_FOLDER_PATH)/InventorySystem";
			};
			name = Debug;
		};
		7E7D449D2EB13B1E0034B096 /* Release */ = {
			isa = XCBuildConfiguration;
			buildSettings = {
				BUNDLE_LOADER = "$(TEST_HOST)";
				CODE_SIGN_STYLE = Automatic;
				CURRENT_PROJECT_VERSION = 1;
				DEVELOPMENT_TEAM = 7GNKAKRCK3;
				GENERATE_INFOPLIST_FILE = YES;
				IPHONEOS_DEPLOYMENT_TARGET = 18.5;
				MARKETING_VERSION = 1.0;
				PRODUCT_BUNDLE_IDENTIFIER = coditas.com.InventorySystemTests;
				PRODUCT_NAME = "$(TARGET_NAME)";
				SWIFT_EMIT_LOC_STRINGS = NO;
				SWIFT_VERSION = 5.0;
				TARGETED_DEVICE_FAMILY = "1,2";
				TEST_HOST = "$(BUILT_PRODUCTS_DIR)/InventorySystem.app/$(BUNDLE_EXECUTABLE_FOLDER_PATH)/InventorySystem";
			};
			name = Release;
		};
		7E7D449F2EB13B1E0034B096 /* Debug */ = {
			isa = XCBuildConfiguration;
			buildSettings = {
				CODE_SIGN_STYLE = Automatic;
				CURRENT_PROJECT_VERSION = 1;
				DEVELOPMENT_TEAM = 7GNKAKRCK3;
				GENERATE_INFOPLIST_FILE = YES;
				MARKETING_VERSION = 1.0;
				PRODUCT_BUNDLE_IDENTIFIER = coditas.com.InventorySystemUITests;
				PRODUCT_NAME = "$(TARGET_NAME)";
				SWIFT_EMIT_LOC_STRINGS = NO;
				SWIFT_VERSION = 5.0;
				TARGETED_DEVICE_FAMILY = "1,2";
				TEST_TARGET_NAME = InventorySystem;
			};
			name = Debug;
		};
		7E7D44A02EB13B1E0034B096 /* Release */ = {
			isa = XCBuildConfiguration;
			buildSettings = {
				CODE_SIGN_STYLE = Automatic;
				CURRENT_PROJECT_VERSION = 1;
				DEVELOPMENT_TEAM = 7GNKAKRCK3;
				GENERATE_INFOPLIST_FILE = YES;
				MARKETING_VERSION = 1.0;
				PRODUCT_BUNDLE_IDENTIFIER = coditas.com.InventorySystemUITests;
				PRODUCT_NAME = "$(TARGET_NAME)";
				SWIFT_EMIT_LOC_STRINGS = NO;
				SWIFT_VERSION = 5.0;
				TARGETED_DEVICE_FAMILY = "1,2";
				TEST_TARGET_NAME = InventorySystem;
			};
			name = Release;
		};
/* End XCBuildConfiguration section */

/* Begin XCConfigurationList section */
		7E7D44722EB13B1A0034B096 /* Build configuration list for PBXProject "InventorySystem" */ = {
			isa = XCConfigurationList;
			buildConfigurations = (
				7E7D44962EB13B1E0034B096 /* Debug */,
				7E7D44972EB13B1E0034B096 /* Release */,
			);
			defaultConfigurationIsVisible = 0;
			defaultConfigurationName = Release;
		};
		7E7D44982EB13B1E0034B096 /* Build configuration list for PBXNativeTarget "InventorySystem" */ = {
			isa = XCConfigurationList;
			buildConfigurations = (
				7E7D44992EB13B1E0034B096 /* Debug */,
				7E7D449A2EB13B1E0034B096 /* Release */,
			);
			defaultConfigurationIsVisible = 0;
			defaultConfigurationName = Release;
		};
		7E7D449B2EB13B1E0034B096 /* Build configuration list for PBXNativeTarget "InventorySystemTests" */ = {
			isa = XCConfigurationList;
			buildConfigurations = (
				7E7D449C2EB13B1E0034B096 /* Debug */,
				7E7D449D2EB13B1E0034B096 /* Release */,
			);
			defaultConfigurationIsVisible = 0;
			defaultConfigurationName = Release;
		};
		7E7D449E2EB13B1E0034B096 /* Build configuration list for PBXNativeTarget "InventorySystemUITests" */ = {
			isa = XCConfigurationList;
			buildConfigurations = (
				7E7D449F2EB13B1E0034B096 /* Debug */,
				7E7D44A02EB13B1E0034B096 /* Release */,
			);
			defaultConfigurationIsVisible = 0;
			defaultConfigurationName = Release;
		};
/* End XCConfigurationList section */

/* Begin XCRemoteSwiftPackageReference section */
		7EEF8D872EC32E6500A3ECA9 /* XCRemoteSwiftPackageReference "Kingfisher" */ = {
			isa = XCRemoteSwiftPackageReference;
			repositoryURL = "https://github.com/onevcat/Kingfisher.git";
			requirement = {
				kind = upToNextMajorVersion;
				minimumVersion = 8.6.1;
			};
		};
/* End XCRemoteSwiftPackageReference section */

/* Begin XCSwiftPackageProductDependency section */
		7EEF8D892EC32E7E00A3ECA9 /* Kingfisher */ = {
			isa = XCSwiftPackageProductDependency;
			package = 7EEF8D872EC32E6500A3ECA9 /* XCRemoteSwiftPackageReference "Kingfisher" */;
			productName = Kingfisher;
		};
/* End XCSwiftPackageProductDependency section */
	};
	rootObject = 7E7D446F2EB13B1A0034B096 /* Project object */;
}
